# This file is autogenerated, do not edit; changes may be undone by the next 'dep ensure'.


[[projects]]
  digest = "1:9b40847a7708d9ebf33953b0a2cecc80d50322389f27baa6f80337ca1529732f"
  name = "github.com/Luzifer/go_helpers"
  packages = ["str"]
  pruneopts = "NUT"
  revision = "4e368ddb27c0a08a0c84e5ceac52d57b464bffce"
  version = "v2.7.0"

[[projects]]
  digest = "1:3c2b6707179ff866ca06c5eecd544c9079a6ec35d735031a1bf61abfff336186"
  name = "github.com/Luzifer/rconfig"
  packages = ["."]
  pruneopts = "NUT"
  revision = "913d4f1e882a955db383d72af88f50f216b373c5"
  version = "v2.1.0"

[[projects]]
  digest = "1:b2339e83ce9b5c4f79405f949429a7f68a9a904fed903c672aac1e7ceb7f5f02"
  name = "github.com/Sirupsen/logrus"
  packages = ["."]
  pruneopts = "NUT"
  revision = "3e01752db0189b9157070a0e1668a620f9a85da2"
  version = "v1.0.6"

[[projects]]
  digest = "1:c01767916c59f084bb7c41a7d5877c0f3099b1595cfa066e84ec6ad6b084dd89"
  name = "github.com/gorilla/context"
  packages = ["."]
  pruneopts = "NUT"
  revision = "08b5f424b9271eedf6f9f0ce86cb9396ed337a42"
  version = "v1.1.1"

[[projects]]
  digest = "1:bf5cf1d53d703332e9bd8984c69784645b73a938317bf5ace9aadf20ac49379a"
  name = "github.com/gorilla/mux"
  packages = ["."]
  pruneopts = "NUT"
  revision = "e3702bed27f0d39777b0b37b664b6280e8ef8fbf"
  version = "v1.6.2"

[[projects]]
  digest = "1:6bc0652ea6e39e22ccd522458b8bdd8665bf23bdc5a20eec90056e4dc7e273ca"
  name = "github.com/satori/go.uuid"
  packages = ["."]
  pruneopts = "NUT"
  revision = "f58768cc1a7a7e77a3bd49e98cdd21419399b6a3"
  version = "v1.2.0"

[[projects]]
  digest = "1:e3707aeaccd2adc89eba6c062fec72116fe1fc1ba71097da85b4d8ae1668a675"
  name = "github.com/spf13/pflag"
  packages = ["."]
  pruneopts = "NUT"
  revision = "9a97c102cda95a86cec2345a6f09f55a939babf5"
  version = "v1.0.2"

[[projects]]
  branch = "master"
  digest = "1:3f3a05ae0b95893d90b9b3b5afdb79a9b3d96e4e36e099d841ae602e4aca0da8"
  name = "golang.org/x/crypto"
  packages = ["ssh/terminal"]
  pruneopts = "NUT"
  revision = "0e37d006457bf46f9e6692014ba72ef82c33022c"

[[projects]]
  branch = "master"
  digest = "1:581828cee9f0d31195c1ae52ea8935dfaec395cee6c23adc02109b892b391c2e"
  name = "golang.org/x/sys"
  packages = [
    "unix",
    "windows",
  ]
  pruneopts = "NUT"
  revision = "d0be0721c37eeb5299f245a996a483160fc36940"

[[projects]]
  branch = "v2"
  digest = "1:1ab6db2d2bd353449c5d1e976ba7a92a0ece6e83aaab3e6674f8f2f1faebb85a"
  name = "gopkg.in/validator.v2"
  packages = ["."]
  pruneopts = "NUT"
  revision = "135c24b11c19e52befcae2ec3fca5d9b78c4e98e"

[[projects]]
  digest = "1:7c95b35057a0ff2e19f707173cc1a947fa43a6eb5c4d300d196ece0334046082"
  name = "gopkg.in/yaml.v2"
  packages = ["."]
  pruneopts = "NUT"
  revision = "5420a8b6744d3b0345ab293f6fcba19c978f1183"
  version = "v2.2.1"

[solve-meta]
  analyzer-name = "dep"
  analyzer-version = 1
  input-imports = [
    "github.com/Luzifer/go_helpers/str",
    "github.com/Luzifer/rconfig",
    "github.com/Sirupsen/logrus",
    "github.com/gorilla/mux",
    "github.com/satori/go.uuid",
  ]
  solver-name = "gps-cdcl"
  solver-version = 1
